
Microsoft Visual Studio Solution File, Format Version 12.00
# Visual Studio Version 17
VisualStudioVersion = 17.4.33103.184
MinimumVisualStudioVersion = 10.0.40219.1
Project("{9A19103F-16F7-4668-BE54-9A1E7A4F7556}") = "MyTasksWithCategories", "MyTasksWithCategories.csproj", "{5643E33D-46FB-46DD-B16F-AC551F18846D}"
EndProject
Global
	GlobalSection(SolutionConfigurationPlatforms) = preSolution
		Debug|Any CPU = Debug|Any CPU
		Release|Any CPU = Release|Any CPU
	EndGlobalSection
	GlobalSection(ProjectConfigurationPlatforms) = postSolution
		{5643E33D-46FB-46DD-B16F-AC551F18846D}.Debug|Any CPU.ActiveCfg = Debug|Any CPU
		{5643E33D-46FB-46DD-B16F-AC551F18846D}.Debug|Any CPU.Build.0 = Debug|Any CPU
		{5643E33D-46FB-46DD-B16F-AC551F18846D}.Release|Any CPU.ActiveCfg = Release|Any CPU
		{5643E33D-46FB-46DD-B16F-AC551F18846D}.Release|Any CPU.Build.0 = Release|Any CPU
	EndGlobalSection
	GlobalSection(SolutionProperties) = preSolution
		HideSolutionNode = FALSE
	EndGlobalSection
	GlobalSection(ExtensibilityGlobals) = postSolution
		SolutionGuid = {E885528A-AAE8-4151-9322-33E25ACA96D6}
	EndGlobalSection
EndGlobal
